# This file is automatically @generated by Cargo.
# It is not intended for manual editing.
version = 4

[[package]]
name = "replaykit-api"
version = "0.1.0"
dependencies = [
 "replaykit-collector",
 "replaykit-core-model",
 "replaykit-diff-engine",
 "replaykit-replay-engine",
 "replaykit-storage",
]

[[package]]
name = "replaykit-cli"
version = "0.1.0"
dependencies = [
 "replaykit-api",
 "replaykit-core-model",
 "replaykit-replay-engine",
 "replaykit-sdk-rust-tracing",
 "replaykit-storage",
]

[[package]]
name = "replaykit-collector"
version = "0.1.0"
dependencies = [
 "replaykit-core-model",
 "replaykit-storage",
]

[[package]]
name = "replaykit-core-model"
version = "0.1.0"

[[package]]
name = "replaykit-diff-engine"
version = "0.1.0"
dependencies = [
 "replaykit-core-model",
 "replaykit-storage",
]

[[package]]
name = "replaykit-example-coding-agent"
version = "0.1.0"
dependencies = [
 "replaykit-api",
 "replaykit-core-model",
 "replaykit-replay-engine",
 "replaykit-sdk-rust-tracing",
 "replaykit-storage",
]

[[package]]
name = "replaykit-replay-engine"
version = "0.1.0"
dependencies = [
 "replaykit-core-model",
 "replaykit-storage",
]

[[package]]
name = "replaykit-sdk-rust-tracing"
version = "0.1.0"
dependencies = [
 "replaykit-collector",
 "replaykit-core-model",
 "replaykit-storage",
]

[[package]]
name = "replaykit-storage"
version = "0.1.0"
dependencies = [
 "replaykit-core-model",
]
